
Microsoft Visual Studio Solution File, Format Version 12.00
# Visual Studio Version 16
VisualStudioVersion = 16.0.31613.86
MinimumVisualStudioVersion = 10.0.40219.1
Project("{9A19103F-16F7-4668-BE54-9A1E7A4F7556}") = "Laihopquang876", "Laihopquang876.csproj", "{D09DA031-2E7B-442C-B409-16112086C39D}"
EndProject
Global
	GlobalSection(SolutionConfigurationPlatforms) = preSolution
		Debug|Any CPU = Debug|Any CPU
		Release|Any CPU = Release|Any CPU
	EndGlobalSection
	GlobalSection(ProjectConfigurationPlatforms) = postSolution
		{D09DA031-2E7B-442C-B409-16112086C39D}.Debug|Any CPU.ActiveCfg = Debug|Any CPU
		{D09DA031-2E7B-442C-B409-16112086C39D}.Debug|Any CPU.Build.0 = Debug|Any CPU
		{D09DA031-2E7B-442C-B409-16112086C39D}.Release|Any CPU.ActiveCfg = Release|Any CPU
		{D09DA031-2E7B-442C-B409-16112086C39D}.Release|Any CPU.Build.0 = Release|Any CPU
	EndGlobalSection
	GlobalSection(SolutionProperties) = preSolution
		HideSolutionNode = FALSE
	EndGlobalSection
	GlobalSection(ExtensibilityGlobals) = postSolution
		SolutionGuid = {6EEB7971-56CD-4B2B-8078-55F6EE301BDB}
	EndGlobalSection
EndGlobal
